Microsoft Visual Studio Solution File, Format Version 8.00
Project("{8BC9CEB8-8B4A-11D0-8D11-00A0C91BC942}") = "utee", "utee.v71.vcproj", "{4DB73ACE-2D47-4A6C-8213-2BE191DD921F}"
	ProjectSection(ProjectDependencies) = postProject
	EndProjectSection
EndProject
Project("{8BC9CEB8-8B4A-11D0-8D11-00A0C91BC942}") = "utee", "utee.tests.v71.vcproj", "{31060DFE-915C-4CD0-BCD9-B5A82DBE31BD}"
	ProjectSection(ProjectDependencies) = postProject
	EndProjectSection
EndProject
Global
	GlobalSection(SolutionConfiguration) = preSolution
		Debug = Debug
		Release = Release
	EndGlobalSection
	GlobalSection(ProjectDependencies) = postSolution
	EndGlobalSection
	GlobalSection(ProjectConfiguration) = postSolution
		{4DB73ACE-2D47-4A6C-8213-2BE191DD921F}.Debug.ActiveCfg = Debug|Win32
		{4DB73ACE-2D47-4A6C-8213-2BE191DD921F}.Debug.Build.0 = Debug|Win32
		{4DB73ACE-2D47-4A6C-8213-2BE191DD921F}.Release.ActiveCfg = Release|Win32
		{4DB73ACE-2D47-4A6C-8213-2BE191DD921F}.Release.Build.0 = Release|Win32
		{31060DFE-915C-4CD0-BCD9-B5A82DBE31BD}.Debug.ActiveCfg = Debug|Win32
		{31060DFE-915C-4CD0-BCD9-B5A82DBE31BD}.Debug.Build.0 = Debug|Win32
		{31060DFE-915C-4CD0-BCD9-B5A82DBE31BD}.Release.ActiveCfg = Release|Win32
		{31060DFE-915C-4CD0-BCD9-B5A82DBE31BD}.Release.Build.0 = Release|Win32
	EndGlobalSection
	GlobalSection(ExtensibilityGlobals) = postSolution
	EndGlobalSection
	GlobalSection(ExtensibilityAddIns) = postSolution
	EndGlobalSection
EndGlobal
