// !$*UTF8*$!
{
	archiveVersion = 1;
	classes = {
	};
	objectVersion = 48;
	objects = {

/* Begin PBXBuildFile section */
		A08B58DB200D50E700EB0790 /* assert.cpp in Sources */ = {isa = PBXBuildFile; fileRef = A08B58D7200D50E700EB0790 /* assert.cpp */; };
		A08B58DC200D50E700EB0790 /* registry.cpp in Sources */ = {isa = PBXBuildFile; fileRef = A08B58D8200D50E700EB0790 /* registry.cpp */; };
		A08B58E3200D510800EB0790 /* test.h in Headers */ = {isa = PBXBuildFile; fileRef = A08B58DE200D510800EB0790 /* test.h */; };
		A08B58E4200D510800EB0790 /* registry.h in Headers */ = {isa = PBXBuildFile; fileRef = A08B58DF200D510800EB0790 /* registry.h */; };
		A08B58E5200D510800EB0790 /* test_case.h in Headers */ = {isa = PBXBuildFile; fileRef = A08B58E0200D510800EB0790 /* test_case.h */; };
		A08B58E6200D510800EB0790 /* assert.h in Headers */ = {isa = PBXBuildFile; fileRef = A08B58E1200D510800EB0790 /* assert.h */; };
		A08B58E7200D510800EB0790 /* exportable.h in Headers */ = {isa = PBXBuildFile; fileRef = A08B58E2200D510800EB0790 /* exportable.h */; };
/* End PBXBuildFile section */

/* Begin PBXFileReference section */
		A08B58CC200D507F00EB0790 /* libutee.a */ = {isa = PBXFileReference; explicitFileType = archive.ar; includeInIndex = 0; path = libutee.a; sourceTree = BUILT_PRODUCTS_DIR; };
		A08B58D7200D50E700EB0790 /* assert.cpp */ = {isa = PBXFileReference; fileEncoding = 4; lastKnownFileType = sourcecode.cpp.cpp; name = assert.cpp; path = ../src/assert.cpp; sourceTree = "<group>"; };
		A08B58D8200D50E700EB0790 /* registry.cpp */ = {isa = PBXFileReference; fileEncoding = 4; lastKnownFileType = sourcecode.cpp.cpp; name = registry.cpp; path = ../src/registry.cpp; sourceTree = "<group>"; };
		A08B58DE200D510800EB0790 /* test.h */ = {isa = PBXFileReference; fileEncoding = 4; lastKnownFileType = sourcecode.c.h; name = test.h; path = ../ut/test.h; sourceTree = "<group>"; };
		A08B58DF200D510800EB0790 /* registry.h */ = {isa = PBXFileReference; fileEncoding = 4; lastKnownFileType = sourcecode.c.h; name = registry.h; path = ../ut/registry.h; sourceTree = "<group>"; };
		A08B58E0200D510800EB0790 /* test_case.h */ = {isa = PBXFileReference; fileEncoding = 4; lastKnownFileType = sourcecode.c.h; name = test_case.h; path = ../ut/test_case.h; sourceTree = "<group>"; };
		A08B58E1200D510800EB0790 /* assert.h */ = {isa = PBXFileReference; fileEncoding = 4; lastKnownFileType = sourcecode.c.h; name = assert.h; path = ../ut/assert.h; sourceTree = "<group>"; };
		A08B58E2200D510800EB0790 /* exportable.h */ = {isa = PBXFileReference; fileEncoding = 4; lastKnownFileType = sourcecode.c.h; name = exportable.h; path = ../ut/exportable.h; sourceTree = "<group>"; };
/* End PBXFileReference section */

/* Begin PBXFrameworksBuildPhase section */
		A08B58C9200D507F00EB0790 /* Frameworks */ = {
			isa = PBXFrameworksBuildPhase;
			buildActionMask = 2147483647;
			files = (
			);
			runOnlyForDeploymentPostprocessing = 0;
		};
/* End PBXFrameworksBuildPhase section */

/* Begin PBXGroup section */
		A08B58C3200D507F00EB0790 = {
			isa = PBXGroup;
			children = (
				A08B58DD200D50EE00EB0790 /* Library Headers */,
				A08B58D3200D50BF00EB0790 /* Source Files */,
				A08B58CD200D507F00EB0790 /* Products */,
			);
			sourceTree = "<group>";
		};
		A08B58CD200D507F00EB0790 /* Products */ = {
			isa = PBXGroup;
			children = (
				A08B58CC200D507F00EB0790 /* libutee.a */,
			);
			name = Products;
			sourceTree = "<group>";
		};
		A08B58D3200D50BF00EB0790 /* Source Files */ = {
			isa = PBXGroup;
			children = (
				A08B58D7200D50E700EB0790 /* assert.cpp */,
				A08B58D8200D50E700EB0790 /* registry.cpp */,
			);
			name = "Source Files";
			sourceTree = "<group>";
		};
		A08B58DD200D50EE00EB0790 /* Library Headers */ = {
			isa = PBXGroup;
			children = (
				A08B58E1200D510800EB0790 /* assert.h */,
				A08B58E2200D510800EB0790 /* exportable.h */,
				A08B58DF200D510800EB0790 /* registry.h */,
				A08B58E0200D510800EB0790 /* test_case.h */,
				A08B58DE200D510800EB0790 /* test.h */,
			);
			name = "Library Headers";
			sourceTree = "<group>";
		};
/* End PBXGroup section */

/* Begin PBXHeadersBuildPhase section */
		A08B58CA200D507F00EB0790 /* Headers */ = {
			isa = PBXHeadersBuildPhase;
			buildActionMask = 2147483647;
			files = (
				A08B58E7200D510800EB0790 /* exportable.h in Headers */,
				A08B58E5200D510800EB0790 /* test_case.h in Headers */,
				A08B58E4200D510800EB0790 /* registry.h in Headers */,
				A08B58E6200D510800EB0790 /* assert.h in Headers */,
				A08B58E3200D510800EB0790 /* test.h in Headers */,
			);
			runOnlyForDeploymentPostprocessing = 0;
		};
/* End PBXHeadersBuildPhase section */

/* Begin PBXNativeTarget section */
		A08B58CB200D507F00EB0790 /* utee */ = {
			isa = PBXNativeTarget;
			buildConfigurationList = A08B58D0200D507F00EB0790 /* Build configuration list for PBXNativeTarget "utee" */;
			buildPhases = (
				A08B58C8200D507F00EB0790 /* Sources */,
				A08B58C9200D507F00EB0790 /* Frameworks */,
				A08B58CA200D507F00EB0790 /* Headers */,
			);
			buildRules = (
			);
			dependencies = (
			);
			name = utee;
			productName = utee;
			productReference = A08B58CC200D507F00EB0790 /* libutee.a */;
			productType = "com.apple.product-type.library.static";
		};
/* End PBXNativeTarget section */

/* Begin PBXProject section */
		A08B58C4200D507F00EB0790 /* Project object */ = {
			isa = PBXProject;
			attributes = {
				LastUpgradeCheck = 0920;
				TargetAttributes = {
					A08B58CB200D507F00EB0790 = {
						CreatedOnToolsVersion = 9.2;
						ProvisioningStyle = Automatic;
					};
				};
			};
			buildConfigurationList = A08B58C7200D507F00EB0790 /* Build configuration list for PBXProject "utee" */;
			compatibilityVersion = "Xcode 8.0";
			developmentRegion = en;
			hasScannedForEncodings = 0;
			knownRegions = (
				en,
			);
			mainGroup = A08B58C3200D507F00EB0790;
			productRefGroup = A08B58CD200D507F00EB0790 /* Products */;
			projectDirPath = "";
			projectRoot = "";
			targets = (
				A08B58CB200D507F00EB0790 /* utee */,
			);
		};
/* End PBXProject section */

/* Begin PBXSourcesBuildPhase section */
		A08B58C8200D507F00EB0790 /* Sources */ = {
			isa = PBXSourcesBuildPhase;
			buildActionMask = 2147483647;
			files = (
				A08B58DC200D50E700EB0790 /* registry.cpp in Sources */,
				A08B58DB200D50E700EB0790 /* assert.cpp in Sources */,
			);
			runOnlyForDeploymentPostprocessing = 0;
		};
/* End PBXSourcesBuildPhase section */

/* Begin XCBuildConfiguration section */
		A08B58CE200D507F00EB0790 /* Debug */ = {
			isa = XCBuildConfiguration;
			buildSettings = {
				ALWAYS_SEARCH_USER_PATHS = NO;
				CLANG_ANALYZER_NONNULL = YES;
				CLANG_ANALYZER_NUMBER_OBJECT_CONVERSION = YES_AGGRESSIVE;
				CLANG_CXX_LANGUAGE_STANDARD = "gnu++14";
				CLANG_CXX_LIBRARY = "libc++";
				CLANG_ENABLE_MODULES = YES;
				CLANG_ENABLE_OBJC_ARC = YES;
				CLANG_WARN_BLOCK_CAPTURE_AUTORELEASING = YES;
				CLANG_WARN_BOOL_CONVERSION = YES;
				CLANG_WARN_COMMA = YES;
				CLANG_WARN_CONSTANT_CONVERSION = YES;
				CLANG_WARN_DIRECT_OBJC_ISA_USAGE = YES_ERROR;
				CLANG_WARN_DOCUMENTATION_COMMENTS = YES;
				CLANG_WARN_EMPTY_BODY = YES;
				CLANG_WARN_ENUM_CONVERSION = YES;
				CLANG_WARN_INFINITE_RECURSION = YES;
				CLANG_WARN_INT_CONVERSION = YES;
				CLANG_WARN_NON_LITERAL_NULL_CONVERSION = YES;
				CLANG_WARN_OBJC_LITERAL_CONVERSION = YES;
				CLANG_WARN_OBJC_ROOT_CLASS = YES_ERROR;
				CLANG_WARN_RANGE_LOOP_ANALYSIS = YES;
				CLANG_WARN_STRICT_PROTOTYPES = YES;
				CLANG_WARN_SUSPICIOUS_MOVE = YES;
				CLANG_WARN_UNGUARDED_AVAILABILITY = YES_AGGRESSIVE;
				CLANG_WARN_UNREACHABLE_CODE = YES;
				CLANG_WARN__DUPLICATE_METHOD_MATCH = YES;
				CODE_SIGN_IDENTITY = "-";
				COPY_PHASE_STRIP = NO;
				DEBUG_INFORMATION_FORMAT = dwarf;
				ENABLE_STRICT_OBJC_MSGSEND = YES;
				ENABLE_TESTABILITY = YES;
				GCC_C_LANGUAGE_STANDARD = gnu11;
				GCC_DYNAMIC_NO_PIC = NO;
				GCC_NO_COMMON_BLOCKS = YES;
				GCC_OPTIMIZATION_LEVEL = 0;
				GCC_PREPROCESSOR_DEFINITIONS = (
					"DEBUG=1",
					"$(inherited)",
				);
				GCC_WARN_64_TO_32_BIT_CONVERSION = YES;
				GCC_WARN_ABOUT_RETURN_TYPE = YES_ERROR;
				GCC_WARN_UNDECLARED_SELECTOR = YES;
				GCC_WARN_UNINITIALIZED_AUTOS = YES_AGGRESSIVE;
				GCC_WARN_UNUSED_FUNCTION = YES;
				GCC_WARN_UNUSED_VARIABLE = YES;
				MACOSX_DEPLOYMENT_TARGET = 10.13;
				MTL_ENABLE_DEBUG_INFO = YES;
				ONLY_ACTIVE_ARCH = YES;
				SDKROOT = macosx;
			};
			name = Debug;
		};
		A08B58CF200D507F00EB0790 /* Release */ = {
			isa = XCBuildConfiguration;
			buildSettings = {
				ALWAYS_SEARCH_USER_PATHS = NO;
				CLANG_ANALYZER_NONNULL = YES;
				CLANG_ANALYZER_NUMBER_OBJECT_CONVERSION = YES_AGGRESSIVE;
				CLANG_CXX_LANGUAGE_STANDARD = "gnu++14";
				CLANG_CXX_LIBRARY = "libc++";
				CLANG_ENABLE_MODULES = YES;
				CLANG_ENABLE_OBJC_ARC = YES;
				CLANG_WARN_BLOCK_CAPTURE_AUTORELEASING = YES;
				CLANG_WARN_BOOL_CONVERSION = YES;
				CLANG_WARN_COMMA = YES;
				CLANG_WARN_CONSTANT_CONVERSION = YES;
				CLANG_WARN_DIRECT_OBJC_ISA_USAGE = YES_ERROR;
				CLANG_WARN_DOCUMENTATION_COMMENTS = YES;
				CLANG_WARN_EMPTY_BODY = YES;
				CLANG_WARN_ENUM_CONVERSION = YES;
				CLANG_WARN_INFINITE_RECURSION = YES;
				CLANG_WARN_INT_CONVERSION = YES;
				CLANG_WARN_NON_LITERAL_NULL_CONVERSION = YES;
				CLANG_WARN_OBJC_LITERAL_CONVERSION = YES;
				CLANG_WARN_OBJC_ROOT_CLASS = YES_ERROR;
				CLANG_WARN_RANGE_LOOP_ANALYSIS = YES;
				CLANG_WARN_STRICT_PROTOTYPES = YES;
				CLANG_WARN_SUSPICIOUS_MOVE = YES;
				CLANG_WARN_UNGUARDED_AVAILABILITY = YES_AGGRESSIVE;
				CLANG_WARN_UNREACHABLE_CODE = YES;
				CLANG_WARN__DUPLICATE_METHOD_MATCH = YES;
				CODE_SIGN_IDENTITY = "-";
				COPY_PHASE_STRIP = NO;
				DEBUG_INFORMATION_FORMAT = "dwarf-with-dsym";
				ENABLE_NS_ASSERTIONS = NO;
				ENABLE_STRICT_OBJC_MSGSEND = YES;
				GCC_C_LANGUAGE_STANDARD = gnu11;
				GCC_NO_COMMON_BLOCKS = YES;
				GCC_WARN_64_TO_32_BIT_CONVERSION = YES;
				GCC_WARN_ABOUT_RETURN_TYPE = YES_ERROR;
				GCC_WARN_UNDECLARED_SELECTOR = YES;
				GCC_WARN_UNINITIALIZED_AUTOS = YES_AGGRESSIVE;
				GCC_WARN_UNUSED_FUNCTION = YES;
				GCC_WARN_UNUSED_VARIABLE = YES;
				MACOSX_DEPLOYMENT_TARGET = 10.13;
				MTL_ENABLE_DEBUG_INFO = NO;
				SDKROOT = macosx;
			};
			name = Release;
		};
		A08B58D1200D507F00EB0790 /* Debug */ = {
			isa = XCBuildConfiguration;
			buildSettings = {
				CODE_SIGN_STYLE = Automatic;
				EXECUTABLE_PREFIX = lib;
				HEADER_SEARCH_PATHS = ..;
				PRODUCT_NAME = "$(TARGET_NAME)";
			};
			name = Debug;
		};
		A08B58D2200D507F00EB0790 /* Release */ = {
			isa = XCBuildConfiguration;
			buildSettings = {
				CODE_SIGN_STYLE = Automatic;
				EXECUTABLE_PREFIX = lib;
				HEADER_SEARCH_PATHS = ..;
				PRODUCT_NAME = "$(TARGET_NAME)";
			};
			name = Release;
		};
/* End XCBuildConfiguration section */

/* Begin XCConfigurationList section */
		A08B58C7200D507F00EB0790 /* Build configuration list for PBXProject "utee" */ = {
			isa = XCConfigurationList;
			buildConfigurations = (
				A08B58CE200D507F00EB0790 /* Debug */,
				A08B58CF200D507F00EB0790 /* Release */,
			);
			defaultConfigurationIsVisible = 0;
			defaultConfigurationName = Release;
		};
		A08B58D0200D507F00EB0790 /* Build configuration list for PBXNativeTarget "utee" */ = {
			isa = XCConfigurationList;
			buildConfigurations = (
				A08B58D1200D507F00EB0790 /* Debug */,
				A08B58D2200D507F00EB0790 /* Release */,
			);
			defaultConfigurationIsVisible = 0;
			defaultConfigurationName = Release;
		};
/* End XCConfigurationList section */
	};
	rootObject = A08B58C4200D507F00EB0790 /* Project object */;
}
